
Microsoft Visual Studio Solution File, Format Version 12.00
# Visual Studio Version 17
VisualStudioVersion = 17.7.34202.233
MinimumVisualStudioVersion = 10.0.40219.1
Project("{9A19103F-16F7-4668-BE54-9A1E7A4F7556}") = "NeuralNetwork", "NeuralNetwork\NeuralNetwork.csproj", "{C13CC524-0C4E-4A1E-8127-66FA41A4375B}"
EndProject
Project("{2150E333-8FDC-42A3-9474-1A3956D46DE8}") = "Solution Items", "Solution Items", "{7F384BAC-467E-467A-86C8-6D8011135A40}"
	ProjectSection(SolutionItems) = preProject
		.editorconfig = .editorconfig
	EndProjectSection
EndProject
Project("{9A19103F-16F7-4668-BE54-9A1E7A4F7556}") = "Tester", "Tester\Tester.csproj", "{F3D59A33-AA84-4728-9C82-EE6B006E00C5}"
EndProject
Global
	GlobalSection(SolutionConfigurationPlatforms) = preSolution
		Debug|Any CPU = Debug|Any CPU
		Release|Any CPU = Release|Any CPU
	EndGlobalSection
	GlobalSection(ProjectConfigurationPlatforms) = postSolution
		{C13CC524-0C4E-4A1E-8127-66FA41A4375B}.Debug|Any CPU.ActiveCfg = Debug|Any CPU
		{C13CC524-0C4E-4A1E-8127-66FA41A4375B}.Debug|Any CPU.Build.0 = Debug|Any CPU
		{C13CC524-0C4E-4A1E-8127-66FA41A4375B}.Release|Any CPU.ActiveCfg = Release|Any CPU
		{C13CC524-0C4E-4A1E-8127-66FA41A4375B}.Release|Any CPU.Build.0 = Release|Any CPU
		{F3D59A33-AA84-4728-9C82-EE6B006E00C5}.Debug|Any CPU.ActiveCfg = Debug|Any CPU
		{F3D59A33-AA84-4728-9C82-EE6B006E00C5}.Debug|Any CPU.Build.0 = Debug|Any CPU
		{F3D59A33-AA84-4728-9C82-EE6B006E00C5}.Release|Any CPU.ActiveCfg = Release|Any CPU
		{F3D59A33-AA84-4728-9C82-EE6B006E00C5}.Release|Any CPU.Build.0 = Release|Any CPU
	EndGlobalSection
	GlobalSection(SolutionProperties) = preSolution
		HideSolutionNode = FALSE
	EndGlobalSection
	GlobalSection(ExtensibilityGlobals) = postSolution
		SolutionGuid = {D6083947-5050-4BD1-88E0-4A2F44182079}
	EndGlobalSection
EndGlobal
